// !$*UTF8*$!
{
	archiveVersion = 1;
	classes = {
	};
	objectVersion = 50;
	objects = {

/* Begin PBXBuildFile section */
		DE3593982394A98A00D2C0CE /* AppDelegate.swift in Sources */ = {isa = PBXBuildFile; fileRef = DE3593972394A98A00D2C0CE /* AppDelegate.swift */; };
		DE35939A2394A98A00D2C0CE /* SceneDelegate.swift in Sources */ = {isa = PBXBuildFile; fileRef = DE3593992394A98A00D2C0CE /* SceneDelegate.swift */; };
		DE35939C2394A98A00D2C0CE /* AViewController.swift in Sources */ = {isa = PBXBuildFile; fileRef = DE35939B2394A98A00D2C0CE /* AViewController.swift */; };
		DE35939F2394A98A00D2C0CE /* Main.storyboard in Resources */ = {isa = PBXBuildFile; fileRef = DE35939D2394A98A00D2C0CE /* Main.storyboard */; };
		DE3593A12394A98B00D2C0CE /* Assets.xcassets in Resources */ = {isa = PBXBuildFile; fileRef = DE3593A02394A98B00D2C0CE /* Assets.xcassets */; };
		DE3593A42394A98B00D2C0CE /* LaunchScreen.storyboard in Resources */ = {isa = PBXBuildFile; fileRef = DE3593A22394A98B00D2C0CE /* LaunchScreen.storyboard */; };
		DE3593AC2394DB3300D2C0CE /* BViewController.swift in Sources */ = {isa = PBXBuildFile; fileRef = DE3593AB2394DB3300D2C0CE /* BViewController.swift */; };
/* End PBXBuildFile section */

/* Begin PBXFileReference section */
		DE3593942394A98A00D2C0CE /* 191125-1.app */ = {isa = PBXFileReference; explicitFileType = wrapper.application; includeInIndex = 0; path = "191125-1.app"; sourceTree = BUILT_PRODUCTS_DIR; };
		DE3593972394A98A00D2C0CE /* AppDelegate.swift */ = {isa = PBXFileReference; lastKnownFileType = sourcecode.swift; path = AppDelegate.swift; sourceTree = "<group>"; };
		DE3593992394A98A00D2C0CE /* SceneDelegate.swift */ = {isa = PBXFileReference; lastKnownFileType = sourcecode.swift; path = SceneDelegate.swift; sourceTree = "<group>"; };
		DE35939B2394A98A00D2C0CE /* AViewController.swift */ = {isa = PBXFileReference; lastKnownFileType = sourcecode.swift; path = AViewController.swift; sourceTree = "<group>"; };
		DE35939E2394A98A00D2C0CE /* Base */ = {isa = PBXFileReference; lastKnownFileType = file.storyboard; name = Base; path = Base.lproj/Main.storyboard; sourceTree = "<group>"; };
		DE3593A02394A98B00D2C0CE /* Assets.xcassets */ = {isa = PBXFileReference; lastKnownFileType = folder.assetcatalog; path = Assets.xcassets; sourceTree = "<group>"; };
		DE3593A32394A98B00D2C0CE /* Base */ = {isa = PBXFileReference; lastKnownFileType = file.storyboard; name = Base; path = Base.lproj/LaunchScreen.storyboard; sourceTree = "<group>"; };
		DE3593A52394A98B00D2C0CE /* Info.plist */ = {isa = PBXFileReference; lastKnownFileType = text.plist.xml; path = Info.plist; sourceTree = "<group>"; };
		DE3593AB2394DB3300D2C0CE /* BViewController.swift */ = {isa = PBXFileReference; lastKnownFileType = sourcecode.swift; path = BViewController.swift; sourceTree = "<group>"; };
/* End PBXFileReference section */

/* Begin PBXFrameworksBuildPhase section */
		DE3593912394A98A00D2C0CE /* Frameworks */ = {
			isa = PBXFrameworksBuildPhase;
			buildActionMask = 2147483647;
			files = (
			);
			runOnlyForDeploymentPostprocessing = 0;
		};
/* End PBXFrameworksBuildPhase section */

/* Begin PBXGroup section */
		DE35938B2394A98A00D2C0CE = {
			isa = PBXGroup;
			children = (
				DE3593962394A98A00D2C0CE /* 191125-1 */,
				DE3593952394A98A00D2C0CE /* Products */,
			);
			sourceTree = "<group>";
		};
		DE3593952394A98A00D2C0CE /* Products */ = {
			isa = PBXGroup;
			children = (
				DE3593942394A98A00D2C0CE /* 191125-1.app */,
			);
			name = Products;
			sourceTree = "<group>";
		};
		DE3593962394A98A00D2C0CE /* 191125-1 */ = {
			isa = PBXGroup;
			children = (
				DE3593972394A98A00D2C0CE /* AppDelegate.swift */,
				DE3593992394A98A00D2C0CE /* SceneDelegate.swift */,
				DE35939B2394A98A00D2C0CE /* AViewController.swift */,
				DE3593AB2394DB3300D2C0CE /* BViewController.swift */,
				DE35939D2394A98A00D2C0CE /* Main.storyboard */,
				DE3593A02394A98B00D2C0CE /* Assets.xcassets */,
				DE3593A22394A98B00D2C0CE /* LaunchScreen.storyboard */,
				DE3593A52394A98B00D2C0CE /* Info.plist */,
			);
			path = "191125-1";
			sourceTree = "<group>";
		};
/* End PBXGroup section */

/* Begin PBXNativeTarget section */
		DE3593932394A98A00D2C0CE /* 191125-1 */ = {
			isa = PBXNativeTarget;
			buildConfigurationList = DE3593A82394A98B00D2C0CE /* Build configuration list for PBXNativeTarget "191125-1" */;
			buildPhases = (
				DE3593902394A98A00D2C0CE /* Sources */,
				DE3593912394A98A00D2C0CE /* Frameworks */,
				DE3593922394A98A00D2C0CE /* Resources */,
			);
			buildRules = (
			);
			dependencies = (
			);
			name = "191125-1";
			productName = "191125-1";
			productReference = DE3593942394A98A00D2C0CE /* 191125-1.app */;
			productType = "com.apple.product-type.application";
		};
/* End PBXNativeTarget section */

/* Begin PBXProject section */
		DE35938C2394A98A00D2C0CE /* Project object */ = {
			isa = PBXProject;
			attributes = {
				LastSwiftUpdateCheck = 1120;
				LastUpgradeCheck = 1120;
				ORGANIZATIONNAME = momo;
				TargetAttributes = {
					DE3593932394A98A00D2C0CE = {
						CreatedOnToolsVersion = 11.2.1;
					};
				};
			};
			buildConfigurationList = DE35938F2394A98A00D2C0CE /* Build configuration list for PBXProject "191125-1" */;
			compatibilityVersion = "Xcode 9.3";
			developmentRegion = en;
			hasScannedForEncodings = 0;
			knownRegions = (
				en,
				Base,
			);
			mainGroup = DE35938B2394A98A00D2C0CE;
			productRefGroup = DE3593952394A98A00D2C0CE /* Products */;
			projectDirPath = "";
			projectRoot = "";
			targets = (
				DE3593932394A98A00D2C0CE /* 191125-1 */,
			);
		};
/* End PBXProject section */

/* Begin PBXResourcesBuildPhase section */
		DE3593922394A98A00D2C0CE /* Resources */ = {
			isa = PBXResourcesBuildPhase;
			buildActionMask = 2147483647;
			files = (
				DE3593A42394A98B00D2C0CE /* LaunchScreen.storyboard in Resources */,
				DE3593A12394A98B00D2C0CE /* Assets.xcassets in Resources */,
				DE35939F2394A98A00D2C0CE /* Main.storyboard in Resources */,
			);
			runOnlyForDeploymentPostprocessing = 0;
		};
/* End PBXResourcesBuildPhase section */

/* Begin PBXSourcesBuildPhase section */
		DE3593902394A98A00D2C0CE /* Sources */ = {
			isa = PBXSourcesBuildPhase;
			buildActionMask = 2147483647;
			files = (
				DE35939C2394A98A00D2C0CE /* AViewController.swift in Sources */,
				DE3593AC2394DB3300D2C0CE /* BViewController.swift in Sources */,
				DE3593982394A98A00D2C0CE /* AppDelegate.swift in Sources */,
				DE35939A2394A98A00D2C0CE /* SceneDelegate.swift in Sources */,
			);
			runOnlyForDeploymentPostprocessing = 0;
		};
/* End PBXSourcesBuildPhase section */

/* Begin PBXVariantGroup section */
		DE35939D2394A98A00D2C0CE /* Main.storyboard */ = {
			isa = PBXVariantGroup;
			children = (
				DE35939E2394A98A00D2C0CE /* Base */,
			);
			name = Main.storyboard;
			sourceTree = "<group>";
		};
		DE3593A22394A98B00D2C0CE /* LaunchScreen.storyboard */ = {
			isa = PBXVariantGroup;
			children = (
				DE3593A32394A98B00D2C0CE /* Base */,
			);
			name = LaunchScreen.storyboard;
			sourceTree = "<group>";
		};
/* End PBXVariantGroup section */

/* Begin XCBuildConfiguration section */
		DE3593A62394A98B00D2C0CE /* Debug */ = {
			isa = XCBuildConfiguration;
			buildSettings = {
				ALWAYS_SEARCH_USER_PATHS = NO;
				CLANG_ANALYZER_NONNULL = YES;
				CLANG_ANALYZER_NUMBER_OBJECT_CONVERSION = YES_AGGRESSIVE;
				CLANG_CXX_LANGUAGE_STANDARD = "gnu++14";
				CLANG_CXX_LIBRARY = "libc++";
				CLANG_ENABLE_MODULES = YES;
				CLANG_ENABLE_OBJC_ARC = YES;
				CLANG_ENABLE_OBJC_WEAK = YES;
				CLANG_WARN_BLOCK_CAPTURE_AUTORELEASING = YES;
				CLANG_WARN_BOOL_CONVERSION = YES;
				CLANG_WARN_COMMA = YES;
				CLANG_WARN_CONSTANT_CONVERSION = YES;
				CLANG_WARN_DEPRECATED_OBJC_IMPLEMENTATIONS = YES;
				CLANG_WARN_DIRECT_OBJC_ISA_USAGE = YES_ERROR;
				CLANG_WARN_DOCUMENTATION_COMMENTS = YES;
				CLANG_WARN_EMPTY_BODY = YES;
				CLANG_WARN_ENUM_CONVERSION = YES;
				CLANG_WARN_INFINITE_RECURSION = YES;
				CLANG_WARN_INT_CONVERSION = YES;
				CLANG_WARN_NON_LITERAL_NULL_CONVERSION = YES;
				CLANG_WARN_OBJC_IMPLICIT_RETAIN_SELF = YES;
				CLANG_WARN_OBJC_LITERAL_CONVERSION = YES;
				CLANG_WARN_OBJC_ROOT_CLASS = YES_ERROR;
				CLANG_WARN_RANGE_LOOP_ANALYSIS = YES;
				CLANG_WARN_STRICT_PROTOTYPES = YES;
				CLANG_WARN_SUSPICIOUS_MOVE = YES;
				CLANG_WARN_UNGUARDED_AVAILABILITY = YES_AGGRESSIVE;
				CLANG_WARN_UNREACHABLE_CODE = YES;
				CLANG_WARN__DUPLICATE_METHOD_MATCH = YES;
				COPY_PHASE_STRIP = NO;
				DEBUG_INFORMATION_FORMAT = dwarf;
				ENABLE_STRICT_OBJC_MSGSEND = YES;
				ENABLE_TESTABILITY = YES;
				GCC_C_LANGUAGE_STANDARD = gnu11;
				GCC_DYNAMIC_NO_PIC = NO;
				GCC_NO_COMMON_BLOCKS = YES;
				GCC_OPTIMIZATION_LEVEL = 0;
				GCC_PREPROCESSOR_DEFINITIONS = (
					"DEBUG=1",
					"$(inherited)",
				);
				GCC_WARN_64_TO_32_BIT_CONVERSION = YES;
				GCC_WARN_ABOUT_RETURN_TYPE = YES_ERROR;
				GCC_WARN_UNDECLARED_SELECTOR = YES;
				GCC_WARN_UNINITIALIZED_AUTOS = YES_AGGRESSIVE;
				GCC_WARN_UNUSED_FUNCTION = YES;
				GCC_WARN_UNUSED_VARIABLE = YES;
				IPHONEOS_DEPLOYMENT_TARGET = 13.2;
				MTL_ENABLE_DEBUG_INFO = INCLUDE_SOURCE;
				MTL_FAST_MATH = YES;
				ONLY_ACTIVE_ARCH = YES;
				SDKROOT = iphoneos;
				SWIFT_ACTIVE_COMPILATION_CONDITIONS = DEBUG;
				SWIFT_OPTIMIZATION_LEVEL = "-Onone";
			};
			name = Debug;
		};
		DE3593A72394A98B00D2C0CE /* Release */ = {
			isa = XCBuildConfiguration;
			buildSettings = {
				ALWAYS_SEARCH_USER_PATHS = NO;
				CLANG_ANALYZER_NONNULL = YES;
				CLANG_ANALYZER_NUMBER_OBJECT_CONVERSION = YES_AGGRESSIVE;
				CLANG_CXX_LANGUAGE_STANDARD = "gnu++14";
				CLANG_CXX_LIBRARY = "libc++";
				CLANG_ENABLE_MODULES = YES;
				CLANG_ENABLE_OBJC_ARC = YES;
				CLANG_ENABLE_OBJC_WEAK = YES;
				CLANG_WARN_BLOCK_CAPTURE_AUTORELEASING = YES;
				CLANG_WARN_BOOL_CONVERSION = YES;
				CLANG_WARN_COMMA = YES;
				CLANG_WARN_CONSTANT_CONVERSION = YES;
				CLANG_WARN_DEPRECATED_OBJC_IMPLEMENTATIONS = YES;
				CLANG_WARN_DIRECT_OBJC_ISA_USAGE = YES_ERROR;
				CLANG_WARN_DOCUMENTATION_COMMENTS = YES;
				CLANG_WARN_EMPTY_BODY = YES;
				CLANG_WARN_ENUM_CONVERSION = YES;
				CLANG_WARN_INFINITE_RECURSION = YES;
				CLANG_WARN_INT_CONVERSION = YES;
				CLANG_WARN_NON_LITERAL_NULL_CONVERSION = YES;
				CLANG_WARN_OBJC_IMPLICIT_RETAIN_SELF = YES;
				CLANG_WARN_OBJC_LITERAL_CONVERSION = YES;
				CLANG_WARN_OBJC_ROOT_CLASS = YES_ERROR;
				CLANG_WARN_RANGE_LOOP_ANALYSIS = YES;
				CLANG_WARN_STRICT_PROTOTYPES = YES;
				CLANG_WARN_SUSPICIOUS_MOVE = YES;
				CLANG_WARN_UNGUARDED_AVAILABILITY = YES_AGGRESSIVE;
				CLANG_WARN_UNREACHABLE_CODE = YES;
				CLANG_WARN__DUPLICATE_METHOD_MATCH = YES;
				COPY_PHASE_STRIP = NO;
				DEBUG_INFORMATION_FORMAT = "dwarf-with-dsym";
				ENABLE_NS_ASSERTIONS = NO;
				ENABLE_STRICT_OBJC_MSGSEND = YES;
				GCC_C_LANGUAGE_STANDARD = gnu11;
				GCC_NO_COMMON_BLOCKS = YES;
				GCC_WARN_64_TO_32_BIT_CONVERSION = YES;
				GCC_WARN_ABOUT_RETURN_TYPE = YES_ERROR;
				GCC_WARN_UNDECLARED_SELECTOR = YES;
				GCC_WARN_UNINITIALIZED_AUTOS = YES_AGGRESSIVE;
				GCC_WARN_UNUSED_FUNCTION = YES;
				GCC_WARN_UNUSED_VARIABLE = YES;
				IPHONEOS_DEPLOYMENT_TARGET = 13.2;
				MTL_ENABLE_DEBUG_INFO = NO;
				MTL_FAST_MATH = YES;
				SDKROOT = iphoneos;
				SWIFT_COMPILATION_MODE = wholemodule;
				SWIFT_OPTIMIZATION_LEVEL = "-O";
				VALIDATE_PRODUCT = YES;
			};
			name = Release;
		};
		DE3593A92394A98B00D2C0CE /* Debug */ = {
			isa = XCBuildConfiguration;
			buildSettings = {
				ASSETCATALOG_COMPILER_APPICON_NAME = AppIcon;
				CODE_SIGN_STYLE = Automatic;
				INFOPLIST_FILE = "191125-1/Info.plist";
				LD_RUNPATH_SEARCH_PATHS = (
					"$(inherited)",
					"@executable_path/Frameworks",
				);
				PRODUCT_BUNDLE_IDENTIFIER = "com.project.swift.-91125-1";
				PRODUCT_NAME = "$(TARGET_NAME)";
				SWIFT_VERSION = 5.0;
				TARGETED_DEVICE_FAMILY = "1,2";
			};
			name = Debug;
		};
		DE3593AA2394A98B00D2C0CE /* Release */ = {
			isa = XCBuildConfiguration;
			buildSettings = {
				ASSETCATALOG_COMPILER_APPICON_NAME = AppIcon;
				CODE_SIGN_STYLE = Automatic;
				INFOPLIST_FILE = "191125-1/Info.plist";
				LD_RUNPATH_SEARCH_PATHS = (
					"$(inherited)",
					"@executable_path/Frameworks",
				);
				PRODUCT_BUNDLE_IDENTIFIER = "com.project.swift.-91125-1";
				PRODUCT_NAME = "$(TARGET_NAME)";
				SWIFT_VERSION = 5.0;
				TARGETED_DEVICE_FAMILY = "1,2";
			};
			name = Release;
		};
/* End XCBuildConfiguration section */

/* Begin XCConfigurationList section */
		DE35938F2394A98A00D2C0CE /* Build configuration list for PBXProject "191125-1" */ = {
			isa = XCConfigurationList;
			buildConfigurations = (
				DE3593A62394A98B00D2C0CE /* Debug */,
				DE3593A72394A98B00D2C0CE /* Release */,
			);
			defaultConfigurationIsVisible = 0;
			defaultConfigurationName = Release;
		};
		DE3593A82394A98B00D2C0CE /* Build configuration list for PBXNativeTarget "191125-1" */ = {
			isa = XCConfigurationList;
			buildConfigurations = (
				DE3593A92394A98B00D2C0CE /* Debug */,
				DE3593AA2394A98B00D2C0CE /* Release */,
			);
			defaultConfigurationIsVisible = 0;
			defaultConfigurationName = Release;
		};
/* End XCConfigurationList section */
	};
	rootObject = DE35938C2394A98A00D2C0CE /* Project object */;
}
